// !$*UTF8*$!
{
	archiveVersion = 1;
	classes = {
	};
	objectVersion = 46;
	objects = {

/* Begin PBXBuildFile section */
		F4B8C4371DD80D6200F931B7 /* AppDelegate.swift in Sources */ = {isa = PBXBuildFile; fileRef = F4B8C4361DD80D6200F931B7 /* AppDelegate.swift */; };
		F4B8C4391DD80D6200F931B7 /* ViewController.swift in Sources */ = {isa = PBXBuildFile; fileRef = F4B8C4381DD80D6200F931B7 /* ViewController.swift */; };
		F4B8C43C1DD80D6200F931B7 /* Main.storyboard in Resources */ = {isa = PBXBuildFile; fileRef = F4B8C43A1DD80D6200F931B7 /* Main.storyboard */; };
		F4B8C43E1DD80D6200F931B7 /* Assets.xcassets in Resources */ = {isa = PBXBuildFile; fileRef = F4B8C43D1DD80D6200F931B7 /* Assets.xcassets */; };
		F4B8C4411DD80D6200F931B7 /* LaunchScreen.storyboard in Resources */ = {isa = PBXBuildFile; fileRef = F4B8C43F1DD80D6200F931B7 /* LaunchScreen.storyboard */; };
		F4B8C44C1DD80D6200F931B7 /* TapperTests.swift in Sources */ = {isa = PBXBuildFile; fileRef = F4B8C44B1DD80D6200F931B7 /* TapperTests.swift */; };
		F4B8C4571DD80D6200F931B7 /* TapperUITests.swift in Sources */ = {isa = PBXBuildFile; fileRef = F4B8C4561DD80D6200F931B7 /* TapperUITests.swift */; };
/* End PBXBuildFile section */

/* Begin PBXContainerItemProxy section */
		F4B8C4481DD80D6200F931B7 /* PBXContainerItemProxy */ = {
			isa = PBXContainerItemProxy;
			containerPortal = F4B8C42B1DD80D6200F931B7 /* Project object */;
			proxyType = 1;
			remoteGlobalIDString = F4B8C4321DD80D6200F931B7;
			remoteInfo = Tapper;
		};
		F4B8C4531DD80D6200F931B7 /* PBXContainerItemProxy */ = {
			isa = PBXContainerItemProxy;
			containerPortal = F4B8C42B1DD80D6200F931B7 /* Project object */;
			proxyType = 1;
			remoteGlobalIDString = F4B8C4321DD80D6200F931B7;
			remoteInfo = Tapper;
		};
/* End PBXContainerItemProxy section */

/* Begin PBXFileReference section */
		F4B8C4331DD80D6200F931B7 /* Tapper.app */ = {isa = PBXFileReference; explicitFileType = wrapper.application; includeInIndex = 0; path = Tapper.app; sourceTree = BUILT_PRODUCTS_DIR; };
		F4B8C4361DD80D6200F931B7 /* AppDelegate.swift */ = {isa = PBXFileReference; lastKnownFileType = sourcecode.swift; path = AppDelegate.swift; sourceTree = "<group>"; };
		F4B8C4381DD80D6200F931B7 /* ViewController.swift */ = {isa = PBXFileReference; lastKnownFileType = sourcecode.swift; path = ViewController.swift; sourceTree = "<group>"; };
		F4B8C43B1DD80D6200F931B7 /* Base */ = {isa = PBXFileReference; lastKnownFileType = file.storyboard; name = Base; path = Base.lproj/Main.storyboard; sourceTree = "<group>"; };
		F4B8C43D1DD80D6200F931B7 /* Assets.xcassets */ = {isa = PBXFileReference; lastKnownFileType = folder.assetcatalog; path = Assets.xcassets; sourceTree = "<group>"; };
		F4B8C4401DD80D6200F931B7 /* Base */ = {isa = PBXFileReference; lastKnownFileType = file.storyboard; name = Base; path = Base.lproj/LaunchScreen.storyboard; sourceTree = "<group>"; };
		F4B8C4421DD80D6200F931B7 /* Info.plist */ = {isa = PBXFileReference; lastKnownFileType = text.plist.xml; path = Info.plist; sourceTree = "<group>"; };
		F4B8C4471DD80D6200F931B7 /* TapperTests.xctest */ = {isa = PBXFileReference; explicitFileType = wrapper.cfbundle; includeInIndex = 0; path = TapperTests.xctest; sourceTree = BUILT_PRODUCTS_DIR; };
		F4B8C44B1DD80D6200F931B7 /* TapperTests.swift */ = {isa = PBXFileReference; lastKnownFileType = sourcecode.swift; path = TapperTests.swift; sourceTree = "<group>"; };
		F4B8C44D1DD80D6200F931B7 /* Info.plist */ = {isa = PBXFileReference; lastKnownFileType = text.plist.xml; path = Info.plist; sourceTree = "<group>"; };
		F4B8C4521DD80D6200F931B7 /* TapperUITests.xctest */ = {isa = PBXFileReference; explicitFileType = wrapper.cfbundle; includeInIndex = 0; path = TapperUITests.xctest; sourceTree = BUILT_PRODUCTS_DIR; };
		F4B8C4561DD80D6200F931B7 /* TapperUITests.swift */ = {isa = PBXFileReference; lastKnownFileType = sourcecode.swift; path = TapperUITests.swift; sourceTree = "<group>"; };
		F4B8C4581DD80D6200F931B7 /* Info.plist */ = {isa = PBXFileReference; lastKnownFileType = text.plist.xml; path = Info.plist; sourceTree = "<group>"; };
/* End PBXFileReference section */

/* Begin PBXFrameworksBuildPhase section */
		F4B8C4301DD80D6200F931B7 /* Frameworks */ = {
			isa = PBXFrameworksBuildPhase;
			buildActionMask = 2147483647;
			files = (
			);
			runOnlyForDeploymentPostprocessing = 0;
		};
		F4B8C4441DD80D6200F931B7 /* Frameworks */ = {
			isa = PBXFrameworksBuildPhase;
			buildActionMask = 2147483647;
			files = (
			);
			runOnlyForDeploymentPostprocessing = 0;
		};
		F4B8C44F1DD80D6200F931B7 /* Frameworks */ = {
			isa = PBXFrameworksBuildPhase;
			buildActionMask = 2147483647;
			files = (
			);
			runOnlyForDeploymentPostprocessing = 0;
		};
/* End PBXFrameworksBuildPhase section */

/* Begin PBXGroup section */
		F4B8C42A1DD80D6200F931B7 = {
			isa = PBXGroup;
			children = (
				F4B8C4351DD80D6200F931B7 /* Tapper */,
				F4B8C44A1DD80D6200F931B7 /* TapperTests */,
				F4B8C4551DD80D6200F931B7 /* TapperUITests */,
				F4B8C4341DD80D6200F931B7 /* Products */,
			);
			sourceTree = "<group>";
		};
		F4B8C4341DD80D6200F931B7 /* Products */ = {
			isa = PBXGroup;
			children = (
				F4B8C4331DD80D6200F931B7 /* Tapper.app */,
				F4B8C4471DD80D6200F931B7 /* TapperTests.xctest */,
				F4B8C4521DD80D6200F931B7 /* TapperUITests.xctest */,
			);
			name = Products;
			sourceTree = "<group>";
		};
		F4B8C4351DD80D6200F931B7 /* Tapper */ = {
			isa = PBXGroup;
			children = (
				F4B8C4361DD80D6200F931B7 /* AppDelegate.swift */,
				F4B8C4381DD80D6200F931B7 /* ViewController.swift */,
				F4B8C43A1DD80D6200F931B7 /* Main.storyboard */,
				F4B8C43D1DD80D6200F931B7 /* Assets.xcassets */,
				F4B8C43F1DD80D6200F931B7 /* LaunchScreen.storyboard */,
				F4B8C4421DD80D6200F931B7 /* Info.plist */,
			);
			path = Tapper;
			sourceTree = "<group>";
		};
		F4B8C44A1DD80D6200F931B7 /* TapperTests */ = {
			isa = PBXGroup;
			children = (
				F4B8C44B1DD80D6200F931B7 /* TapperTests.swift */,
				F4B8C44D1DD80D6200F931B7 /* Info.plist */,
			);
			path = TapperTests;
			sourceTree = "<group>";
		};
		F4B8C4551DD80D6200F931B7 /* TapperUITests */ = {
			isa = PBXGroup;
			children = (
				F4B8C4561DD80D6200F931B7 /* TapperUITests.swift */,
				F4B8C4581DD80D6200F931B7 /* Info.plist */,
			);
			path = TapperUITests;
			sourceTree = "<group>";
		};
/* End PBXGroup section */

/* Begin PBXNativeTarget section */
		F4B8C4321DD80D6200F931B7 /* Tapper */ = {
			isa = PBXNativeTarget;
			buildConfigurationList = F4B8C45B1DD80D6200F931B7 /* Build configuration list for PBXNativeTarget "Tapper" */;
			buildPhases = (
				F4B8C42F1DD80D6200F931B7 /* Sources */,
				F4B8C4301DD80D6200F931B7 /* Frameworks */,
				F4B8C4311DD80D6200F931B7 /* Resources */,
			);
			buildRules = (
			);
			dependencies = (
			);
			name = Tapper;
			productName = Tapper;
			productReference = F4B8C4331DD80D6200F931B7 /* Tapper.app */;
			productType = "com.apple.product-type.application";
		};
		F4B8C4461DD80D6200F931B7 /* TapperTests */ = {
			isa = PBXNativeTarget;
			buildConfigurationList = F4B8C45E1DD80D6200F931B7 /* Build configuration list for PBXNativeTarget "TapperTests" */;
			buildPhases = (
				F4B8C4431DD80D6200F931B7 /* Sources */,
				F4B8C4441DD80D6200F931B7 /* Frameworks */,
				F4B8C4451DD80D6200F931B7 /* Resources */,
			);
			buildRules = (
			);
			dependencies = (
				F4B8C4491DD80D6200F931B7 /* PBXTargetDependency */,
			);
			name = TapperTests;
			productName = TapperTests;
			productReference = F4B8C4471DD80D6200F931B7 /* TapperTests.xctest */;
			productType = "com.apple.product-type.bundle.unit-test";
		};
		F4B8C4511DD80D6200F931B7 /* TapperUITests */ = {
			isa = PBXNativeTarget;
			buildConfigurationList = F4B8C4611DD80D6200F931B7 /* Build configuration list for PBXNativeTarget "TapperUITests" */;
			buildPhases = (
				F4B8C44E1DD80D6200F931B7 /* Sources */,
				F4B8C44F1DD80D6200F931B7 /* Frameworks */,
				F4B8C4501DD80D6200F931B7 /* Resources */,
			);
			buildRules = (
			);
			dependencies = (
				F4B8C4541DD80D6200F931B7 /* PBXTargetDependency */,
			);
			name = TapperUITests;
			productName = TapperUITests;
			productReference = F4B8C4521DD80D6200F931B7 /* TapperUITests.xctest */;
			productType = "com.apple.product-type.bundle.ui-testing";
		};
/* End PBXNativeTarget section */

/* Begin PBXProject section */
		F4B8C42B1DD80D6200F931B7 /* Project object */ = {
			isa = PBXProject;
			attributes = {
				LastSwiftUpdateCheck = 0730;
				LastUpgradeCheck = 0730;
				ORGANIZATIONNAME = "Samer Mujibuddin";
				TargetAttributes = {
					F4B8C4321DD80D6200F931B7 = {
						CreatedOnToolsVersion = 7.3.1;
					};
					F4B8C4461DD80D6200F931B7 = {
						CreatedOnToolsVersion = 7.3.1;
						TestTargetID = F4B8C4321DD80D6200F931B7;
					};
					F4B8C4511DD80D6200F931B7 = {
						CreatedOnToolsVersion = 7.3.1;
						TestTargetID = F4B8C4321DD80D6200F931B7;
					};
				};
			};
			buildConfigurationList = F4B8C42E1DD80D6200F931B7 /* Build configuration list for PBXProject "Tapper" */;
			compatibilityVersion = "Xcode 3.2";
			developmentRegion = English;
			hasScannedForEncodings = 0;
			knownRegions = (
				en,
				Base,
			);
			mainGroup = F4B8C42A1DD80D6200F931B7;
			productRefGroup = F4B8C4341DD80D6200F931B7 /* Products */;
			projectDirPath = "";
			projectRoot = "";
			targets = (
				F4B8C4321DD80D6200F931B7 /* Tapper */,
				F4B8C4461DD80D6200F931B7 /* TapperTests */,
				F4B8C4511DD80D6200F931B7 /* TapperUITests */,
			);
		};
/* End PBXProject section */

/* Begin PBXResourcesBuildPhase section */
		F4B8C4311DD80D6200F931B7 /* Resources */ = {
			isa = PBXResourcesBuildPhase;
			buildActionMask = 2147483647;
			files = (
				F4B8C4411DD80D6200F931B7 /* LaunchScreen.storyboard in Resources */,
				F4B8C43E1DD80D6200F931B7 /* Assets.xcassets in Resources */,
				F4B8C43C1DD80D6200F931B7 /* Main.storyboard in Resources */,
			);
			runOnlyForDeploymentPostprocessing = 0;
		};
		F4B8C4451DD80D6200F931B7 /* Resources */ = {
			isa = PBXResourcesBuildPhase;
			buildActionMask = 2147483647;
			files = (
			);
			runOnlyForDeploymentPostprocessing = 0;
		};
		F4B8C4501DD80D6200F931B7 /* Resources */ = {
			isa = PBXResourcesBuildPhase;
			buildActionMask = 2147483647;
			files = (
			);
			runOnlyForDeploymentPostprocessing = 0;
		};
/* End PBXResourcesBuildPhase section */

/* Begin PBXSourcesBuildPhase section */
		F4B8C42F1DD80D6200F931B7 /* Sources */ = {
			isa = PBXSourcesBuildPhase;
			buildActionMask = 2147483647;
			files = (
				F4B8C4391DD80D6200F931B7 /* ViewController.swift in Sources */,
				F4B8C4371DD80D6200F931B7 /* AppDelegate.swift in Sources */,
			);
			runOnlyForDeploymentPostprocessing = 0;
		};
		F4B8C4431DD80D6200F931B7 /* Sources */ = {
			isa = PBXSourcesBuildPhase;
			buildActionMask = 2147483647;
			files = (
				F4B8C44C1DD80D6200F931B7 /* TapperTests.swift in Sources */,
			);
			runOnlyForDeploymentPostprocessing = 0;
		};
		F4B8C44E1DD80D6200F931B7 /* Sources */ = {
			isa = PBXSourcesBuildPhase;
			buildActionMask = 2147483647;
			files = (
				F4B8C4571DD80D6200F931B7 /* TapperUITests.swift in Sources */,
			);
			runOnlyForDeploymentPostprocessing = 0;
		};
/* End PBXSourcesBuildPhase section */

/* Begin PBXTargetDependency section */
		F4B8C4491DD80D6200F931B7 /* PBXTargetDependency */ = {
			isa = PBXTargetDependency;
			target = F4B8C4321DD80D6200F931B7 /* Tapper */;
			targetProxy = F4B8C4481DD80D6200F931B7 /* PBXContainerItemProxy */;
		};
		F4B8C4541DD80D6200F931B7 /* PBXTargetDependency */ = {
			isa = PBXTargetDependency;
			target = F4B8C4321DD80D6200F931B7 /* Tapper */;
			targetProxy = F4B8C4531DD80D6200F931B7 /* PBXContainerItemProxy */;
		};
/* End PBXTargetDependency section */

/* Begin PBXVariantGroup section */
		F4B8C43A1DD80D6200F931B7 /* Main.storyboard */ = {
			isa = PBXVariantGroup;
			children = (
				F4B8C43B1DD80D6200F931B7 /* Base */,
			);
			name = Main.storyboard;
			sourceTree = "<group>";
		};
		F4B8C43F1DD80D6200F931B7 /* LaunchScreen.storyboard */ = {
			isa = PBXVariantGroup;
			children = (
				F4B8C4401DD80D6200F931B7 /* Base */,
			);
			name = LaunchScreen.storyboard;
			sourceTree = "<group>";
		};
/* End PBXVariantGroup section */

/* Begin XCBuildConfiguration section */
		F4B8C4591DD80D6200F931B7 /* Debug */ = {
			isa = XCBuildConfiguration;
			buildSettings = {
				ALWAYS_SEARCH_USER_PATHS = NO;
				CLANG_ANALYZER_NONNULL = YES;
				CLANG_CXX_LANGUAGE_STANDARD = "gnu++0x";
				CLANG_CXX_LIBRARY = "libc++";
				CLANG_ENABLE_MODULES = YES;
				CLANG_ENABLE_OBJC_ARC = YES;
				CLANG_WARN_BOOL_CONVERSION = YES;
				CLANG_WARN_CONSTANT_CONVERSION = YES;
				CLANG_WARN_DIRECT_OBJC_ISA_USAGE = YES_ERROR;
				CLANG_WARN_EMPTY_BODY = YES;
				CLANG_WARN_ENUM_CONVERSION = YES;
				CLANG_WARN_INT_CONVERSION = YES;
				CLANG_WARN_OBJC_ROOT_CLASS = YES_ERROR;
				CLANG_WARN_UNREACHABLE_CODE = YES;
				CLANG_WARN__DUPLICATE_METHOD_MATCH = YES;
				"CODE_SIGN_IDENTITY[sdk=iphoneos*]" = "iPhone Developer";
				COPY_PHASE_STRIP = NO;
				DEBUG_INFORMATION_FORMAT = dwarf;
				ENABLE_STRICT_OBJC_MSGSEND = YES;
				ENABLE_TESTABILITY = YES;
				GCC_C_LANGUAGE_STANDARD = gnu99;
				GCC_DYNAMIC_NO_PIC = NO;
				GCC_NO_COMMON_BLOCKS = YES;
				GCC_OPTIMIZATION_LEVEL = 0;
				GCC_PREPROCESSOR_DEFINITIONS = (
					"DEBUG=1",
					"$(inherited)",
				);
				GCC_WARN_64_TO_32_BIT_CONVERSION = YES;
				GCC_WARN_ABOUT_RETURN_TYPE = YES_ERROR;
				GCC_WARN_UNDECLARED_SELECTOR = YES;
				GCC_WARN_UNINITIALIZED_AUTOS = YES_AGGRESSIVE;
				GCC_WARN_UNUSED_FUNCTION = YES;
				GCC_WARN_UNUSED_VARIABLE = YES;
				IPHONEOS_DEPLOYMENT_TARGET = 9.3;
				MTL_ENABLE_DEBUG_INFO = YES;
				ONLY_ACTIVE_ARCH = YES;
				SDKROOT = iphoneos;
				SWIFT_OPTIMIZATION_LEVEL = "-Onone";
			};
			name = Debug;
		};
		F4B8C45A1DD80D6200F931B7 /* Release */ = {
			isa = XCBuildConfiguration;
			buildSettings = {
				ALWAYS_SEARCH_USER_PATHS = NO;
				CLANG_ANALYZER_NONNULL = YES;
				CLANG_CXX_LANGUAGE_STANDARD = "gnu++0x";
				CLANG_CXX_LIBRARY = "libc++";
				CLANG_ENABLE_MODULES = YES;
				CLANG_ENABLE_OBJC_ARC = YES;
				CLANG_WARN_BOOL_CONVERSION = YES;
				CLANG_WARN_CONSTANT_CONVERSION = YES;
				CLANG_WARN_DIRECT_OBJC_ISA_USAGE = YES_ERROR;
				CLANG_WARN_EMPTY_BODY = YES;
				CLANG_WARN_ENUM_CONVERSION = YES;
				CLANG_WARN_INT_CONVERSION = YES;
				CLANG_WARN_OBJC_ROOT_CLASS = YES_ERROR;
				CLANG_WARN_UNREACHABLE_CODE = YES;
				CLANG_WARN__DUPLICATE_METHOD_MATCH = YES;
				"CODE_SIGN_IDENTITY[sdk=iphoneos*]" = "iPhone Developer";
				COPY_PHASE_STRIP = NO;
				DEBUG_INFORMATION_FORMAT = "dwarf-with-dsym";
				ENABLE_NS_ASSERTIONS = NO;
				ENABLE_STRICT_OBJC_MSGSEND = YES;
				GCC_C_LANGUAGE_STANDARD = gnu99;
				GCC_NO_COMMON_BLOCKS = YES;
				GCC_WARN_64_TO_32_BIT_CONVERSION = YES;
				GCC_WARN_ABOUT_RETURN_TYPE = YES_ERROR;
				GCC_WARN_UNDECLARED_SELECTOR = YES;
				GCC_WARN_UNINITIALIZED_AUTOS = YES_AGGRESSIVE;
				GCC_WARN_UNUSED_FUNCTION = YES;
				GCC_WARN_UNUSED_VARIABLE = YES;
				IPHONEOS_DEPLOYMENT_TARGET = 9.3;
				MTL_ENABLE_DEBUG_INFO = NO;
				SDKROOT = iphoneos;
				VALIDATE_PRODUCT = YES;
			};
			name = Release;
		};
		F4B8C45C1DD80D6200F931B7 /* Debug */ = {
			isa = XCBuildConfiguration;
			buildSettings = {
				ASSETCATALOG_COMPILER_APPICON_NAME = AppIcon;
				INFOPLIST_FILE = Tapper/Info.plist;
				LD_RUNPATH_SEARCH_PATHS = "$(inherited) @executable_path/Frameworks";
				PRODUCT_BUNDLE_IDENTIFIER = com.devslopes.Tapper;
				PRODUCT_NAME = "$(TARGET_NAME)";
			};
			name = Debug;
		};
		F4B8C45D1DD80D6200F931B7 /* Release */ = {
			isa = XCBuildConfiguration;
			buildSettings = {
				ASSETCATALOG_COMPILER_APPICON_NAME = AppIcon;
				INFOPLIST_FILE = Tapper/Info.plist;
				LD_RUNPATH_SEARCH_PATHS = "$(inherited) @executable_path/Frameworks";
				PRODUCT_BUNDLE_IDENTIFIER = com.devslopes.Tapper;
				PRODUCT_NAME = "$(TARGET_NAME)";
			};
			name = Release;
		};
		F4B8C45F1DD80D6200F931B7 /* Debug */ = {
			isa = XCBuildConfiguration;
			buildSettings = {
				BUNDLE_LOADER = "$(TEST_HOST)";
				INFOPLIST_FILE = TapperTests/Info.plist;
				LD_RUNPATH_SEARCH_PATHS = "$(inherited) @executable_path/Frameworks @loader_path/Frameworks";
				PRODUCT_BUNDLE_IDENTIFIER = com.devslopes.TapperTests;
				PRODUCT_NAME = "$(TARGET_NAME)";
				TEST_HOST = "$(BUILT_PRODUCTS_DIR)/Tapper.app/Tapper";
			};
			name = Debug;
		};
		F4B8C4601DD80D6200F931B7 /* Release */ = {
			isa = XCBuildConfiguration;
			buildSettings = {
				BUNDLE_LOADER = "$(TEST_HOST)";
				INFOPLIST_FILE = TapperTests/Info.plist;
				LD_RUNPATH_SEARCH_PATHS = "$(inherited) @executable_path/Frameworks @loader_path/Frameworks";
				PRODUCT_BUNDLE_IDENTIFIER = com.devslopes.TapperTests;
				PRODUCT_NAME = "$(TARGET_NAME)";
				TEST_HOST = "$(BUILT_PRODUCTS_DIR)/Tapper.app/Tapper";
			};
			name = Release;
		};
		F4B8C4621DD80D6200F931B7 /* Debug */ = {
			isa = XCBuildConfiguration;
			buildSettings = {
				INFOPLIST_FILE = TapperUITests/Info.plist;
				LD_RUNPATH_SEARCH_PATHS = "$(inherited) @executable_path/Frameworks @loader_path/Frameworks";
				PRODUCT_BUNDLE_IDENTIFIER = com.devslopes.TapperUITests;
				PRODUCT_NAME = "$(TARGET_NAME)";
				TEST_TARGET_NAME = Tapper;
			};
			name = Debug;
		};
		F4B8C4631DD80D6200F931B7 /* Release */ = {
			isa = XCBuildConfiguration;
			buildSettings = {
				INFOPLIST_FILE = TapperUITests/Info.plist;
				LD_RUNPATH_SEARCH_PATHS = "$(inherited) @executable_path/Frameworks @loader_path/Frameworks";
				PRODUCT_BUNDLE_IDENTIFIER = com.devslopes.TapperUITests;
				PRODUCT_NAME = "$(TARGET_NAME)";
				TEST_TARGET_NAME = Tapper;
			};
			name = Release;
		};
/* End XCBuildConfiguration section */

/* Begin XCConfigurationList section */
		F4B8C42E1DD80D6200F931B7 /* Build configuration list for PBXProject "Tapper" */ = {
			isa = XCConfigurationList;
			buildConfigurations = (
				F4B8C4591DD80D6200F931B7 /* Debug */,
				F4B8C45A1DD80D6200F931B7 /* Release */,
			);
			defaultConfigurationIsVisible = 0;
			defaultConfigurationName = Release;
		};
		F4B8C45B1DD80D6200F931B7 /* Build configuration list for PBXNativeTarget "Tapper" */ = {
			isa = XCConfigurationList;
			buildConfigurations = (
				F4B8C45C1DD80D6200F931B7 /* Debug */,
				F4B8C45D1DD80D6200F931B7 /* Release */,
			);
			defaultConfigurationIsVisible = 0;
		};
		F4B8C45E1DD80D6200F931B7 /* Build configuration list for PBXNativeTarget "TapperTests" */ = {
			isa = XCConfigurationList;
			buildConfigurations = (
				F4B8C45F1DD80D6200F931B7 /* Debug */,
				F4B8C4601DD80D6200F931B7 /* Release */,
			);
			defaultConfigurationIsVisible = 0;
		};
		F4B8C4611DD80D6200F931B7 /* Build configuration list for PBXNativeTarget "TapperUITests" */ = {
			isa = XCConfigurationList;
			buildConfigurations = (
				F4B8C4621DD80D6200F931B7 /* Debug */,
				F4B8C4631DD80D6200F931B7 /* Release */,
			);
			defaultConfigurationIsVisible = 0;
		};
/* End XCConfigurationList section */
	};
	rootObject = F4B8C42B1DD80D6200F931B7 /* Project object */;
}
